
Microsoft Visual Studio Solution File, Format Version 12.00
# Visual Studio Version 16
VisualStudioVersion = 16.0.810.19
MinimumVisualStudioVersion = 10.0.40219.1
Project("{FAE04EC0-301F-11D3-BF4B-00C04F79EFBC}") = "c-sharp", "c-sharp\c-sharp.csproj", "{FFEF77A1-15A9-4F2B-AE79-025C03781226}"
EndProject
Global
	GlobalSection(SolutionConfigurationPlatforms) = preSolution
		Debug|Any CPU = Debug|Any CPU
		Release|Any CPU = Release|Any CPU
	EndGlobalSection
	GlobalSection(ProjectConfigurationPlatforms) = postSolution
		{FFEF77A1-15A9-4F2B-AE79-025C03781226}.Debug|Any CPU.ActiveCfg = Debug|Any CPU
		{FFEF77A1-15A9-4F2B-AE79-025C03781226}.Debug|Any CPU.Build.0 = Debug|Any CPU
		{FFEF77A1-15A9-4F2B-AE79-025C03781226}.Release|Any CPU.ActiveCfg = Release|Any CPU
		{FFEF77A1-15A9-4F2B-AE79-025C03781226}.Release|Any CPU.Build.0 = Release|Any CPU
	EndGlobalSection
	GlobalSection(SolutionProperties) = preSolution
		HideSolutionNode = FALSE
	EndGlobalSection
	GlobalSection(ExtensibilityGlobals) = postSolution
		SolutionGuid = {7AC29DF8-C0E0-43F3-A118-48A4ADFB05C8}
	EndGlobalSection
EndGlobal
